
Microsoft Visual Studio Solution File, Format Version 11.00
# Visual Studio 2010
Project("{FAE04EC0-301F-11D3-BF4B-00C04F79EFBC}") = "Unity.Physics.Custom", "Unity.Physics.Custom.csproj", "{dece0597-e978-f65f-b4f3-204a9054b4d3}"
EndProject
Project("{FAE04EC0-301F-11D3-BF4B-00C04F79EFBC}") = "Assembly-CSharp", "Assembly-CSharp.csproj", "{ce1199c1-2cec-9f25-90b2-03ec2a4f51cf}"
EndProject
Project("{FAE04EC0-301F-11D3-BF4B-00C04F79EFBC}") = "Unity.Physics.Custom.Editor", "Unity.Physics.Custom.Editor.csproj", "{3097b27c-29b1-9724-aa06-9dfd42f7209c}"
EndProject
Global
	GlobalSection(SolutionConfigurationPlatforms) = preSolution
		Debug|Any CPU = Debug|Any CPU
	EndGlobalSection
	GlobalSection(ProjectConfigurationPlatforms) = postSolution
		{dece0597-e978-f65f-b4f3-204a9054b4d3}.Debug|Any CPU.ActiveCfg = Debug|Any CPU
		{dece0597-e978-f65f-b4f3-204a9054b4d3}.Debug|Any CPU.Build.0 = Debug|Any CPU
		{ce1199c1-2cec-9f25-90b2-03ec2a4f51cf}.Debug|Any CPU.ActiveCfg = Debug|Any CPU
		{ce1199c1-2cec-9f25-90b2-03ec2a4f51cf}.Debug|Any CPU.Build.0 = Debug|Any CPU
		{3097b27c-29b1-9724-aa06-9dfd42f7209c}.Debug|Any CPU.ActiveCfg = Debug|Any CPU
		{3097b27c-29b1-9724-aa06-9dfd42f7209c}.Debug|Any CPU.Build.0 = Debug|Any CPU
	EndGlobalSection
	GlobalSection(SolutionProperties) = preSolution
		HideSolutionNode = FALSE
	EndGlobalSection
EndGlobal
